
Microsoft Visual Studio Solution File, Format Version 11.00
# Visual Studio 2010
Project("{FAE04EC0-301F-11D3-BF4B-00C04F79EFBC}") = "YLScsDrawing", "YLScsDrawing\YLScsDrawing.csproj", "{9D2F8461-E695-4CE1-8C42-217D602399CC}"
EndProject
Project("{FAE04EC0-301F-11D3-BF4B-00C04F79EFBC}") = "WindowsApplication1", "WindowsApplication1\WindowsApplication1.csproj", "{B2675A07-9513-405E-836E-0A40536DF52E}"
EndProject
Global
	GlobalSection(SolutionConfigurationPlatforms) = preSolution
		Debug|Any CPU = Debug|Any CPU
		Debug|Mixed Platforms = Debug|Mixed Platforms
		Debug|x86 = Debug|x86
		Release|Any CPU = Release|Any CPU
		Release|Mixed Platforms = Release|Mixed Platforms
		Release|x86 = Release|x86
	EndGlobalSection
	GlobalSection(ProjectConfigurationPlatforms) = postSolution
		{9D2F8461-E695-4CE1-8C42-217D602399CC}.Debug|Any CPU.ActiveCfg = Debug|Any CPU
		{9D2F8461-E695-4CE1-8C42-217D602399CC}.Debug|Any CPU.Build.0 = Debug|Any CPU
		{9D2F8461-E695-4CE1-8C42-217D602399CC}.Debug|Mixed Platforms.ActiveCfg = Debug|Any CPU
		{9D2F8461-E695-4CE1-8C42-217D602399CC}.Debug|Mixed Platforms.Build.0 = Debug|Any CPU
		{9D2F8461-E695-4CE1-8C42-217D602399CC}.Debug|x86.ActiveCfg = Debug|Any CPU
		{9D2F8461-E695-4CE1-8C42-217D602399CC}.Release|Any CPU.ActiveCfg = Release|Any CPU
		{9D2F8461-E695-4CE1-8C42-217D602399CC}.Release|Any CPU.Build.0 = Release|Any CPU
		{9D2F8461-E695-4CE1-8C42-217D602399CC}.Release|Mixed Platforms.ActiveCfg = Release|Any CPU
		{9D2F8461-E695-4CE1-8C42-217D602399CC}.Release|Mixed Platforms.Build.0 = Release|Any CPU
		{9D2F8461-E695-4CE1-8C42-217D602399CC}.Release|x86.ActiveCfg = Release|Any CPU
		{B2675A07-9513-405E-836E-0A40536DF52E}.Debug|Any CPU.ActiveCfg = Debug|Any CPU
		{B2675A07-9513-405E-836E-0A40536DF52E}.Debug|Any CPU.Build.0 = Debug|Any CPU
		{B2675A07-9513-405E-836E-0A40536DF52E}.Debug|Mixed Platforms.ActiveCfg = Debug|Any CPU
		{B2675A07-9513-405E-836E-0A40536DF52E}.Debug|Mixed Platforms.Build.0 = Debug|Any CPU
		{B2675A07-9513-405E-836E-0A40536DF52E}.Debug|x86.ActiveCfg = Debug|Any CPU
		{B2675A07-9513-405E-836E-0A40536DF52E}.Release|Any CPU.ActiveCfg = Release|Any CPU
		{B2675A07-9513-405E-836E-0A40536DF52E}.Release|Any CPU.Build.0 = Release|Any CPU
		{B2675A07-9513-405E-836E-0A40536DF52E}.Release|Mixed Platforms.ActiveCfg = Release|Any CPU
		{B2675A07-9513-405E-836E-0A40536DF52E}.Release|Mixed Platforms.Build.0 = Release|Any CPU
		{B2675A07-9513-405E-836E-0A40536DF52E}.Release|x86.ActiveCfg = Release|Any CPU
	EndGlobalSection
	GlobalSection(SolutionProperties) = preSolution
		HideSolutionNode = FALSE
	EndGlobalSection
EndGlobal
